<Solution>
  <Folder Name="/Éléments de solution/">
    <File Path=".gitignore" />
    <File Path="README.md" />
  </Folder>
  <Folder Name="/Éléments de solution/docs/">
    <File Path="ConceptionTechnique.md" />
    <File Path="docs/CahierDesChargesFonctionnel.md" />
  </Folder>
  <Folder Name="/Éléments de solution/docs/images/" />
</Solution>
