<Solution>
  <Folder Name="/src/">
    <Project Path="src/SmartDeskAI.Application/SmartDeskAI.Application.csproj" />
    <Project Path="src/SmartDeskAI.Domain/SmartDeskAI.Domain.csproj" />
    <Project Path="src/SmartDeskAI.Infrastructure/SmartDeskAI.Infrastructure.csproj" />
  </Folder>
  <Folder Name="/tests/">
    <Project Path="tests/SmartDeskAI.Domain.Tests/SmartDeskAI.Domain.Tests.csproj" />
    <Project Path="tests/SmartDeskAI.IntegrationTests/SmartDeskAI.IntegrationTests.csproj" />
  </Folder>
  <Folder Name="/Éléments de solution/">
    <File Path=".gitignore" />
    <File Path="README.md" />
  </Folder>
  <Folder Name="/Éléments de solution/docs/">
    <File Path="docs/CahierDesChargesFonctionnel.md" />
    <File Path="docs/ConceptionTechnique.md" />
  </Folder>
  <Folder Name="/Éléments de solution/docs/adr/">
    <File Path="docs/adr/0001-multi-tenant-strategy.md" />
    <File Path="docs/adr/0002-async-ai-processing.md" />
    <File Path="docs/adr/0003-cqrs-mediatr.md" />
    <File Path="docs/adr/0004-ai-graceful-degradation.md" />
    <File Path="docs/adr/0005-optimistic-concurrency.md" />
    <File Path="docs/adr/0006-ai-provider-abstraction.md" />
  </Folder>
  <Folder Name="/Éléments de solution/docs/images/" />
</Solution>
